
Microsoft Visual Studio Solution File, Format Version 12.00
# Visual Studio 15
VisualStudioVersion = 15.0.28307.271
MinimumVisualStudioVersion = 10.0.40219.1
Project("{FAE04EC0-301F-11D3-BF4B-00C04F79EFBC}") = "WindowsFormsApp1", "WindowsFormsApp1\WindowsFormsApp1.csproj", "{DD9B1C1A-EFD9-4CBE-A832-08E12D52793E}"
EndProject
Global
	GlobalSection(SolutionConfigurationPlatforms) = preSolution
		Debug|Any CPU = Debug|Any CPU
		Release|Any CPU = Release|Any CPU
	EndGlobalSection
	GlobalSection(ProjectConfigurationPlatforms) = postSolution
		{DD9B1C1A-EFD9-4CBE-A832-08E12D52793E}.Debug|Any CPU.ActiveCfg = Debug|Any CPU
		{DD9B1C1A-EFD9-4CBE-A832-08E12D52793E}.Debug|Any CPU.Build.0 = Debug|Any CPU
		{DD9B1C1A-EFD9-4CBE-A832-08E12D52793E}.Release|Any CPU.ActiveCfg = Release|Any CPU
		{DD9B1C1A-EFD9-4CBE-A832-08E12D52793E}.Release|Any CPU.Build.0 = Release|Any CPU
	EndGlobalSection
	GlobalSection(SolutionProperties) = preSolution
		HideSolutionNode = FALSE
	EndGlobalSection
	GlobalSection(ExtensibilityGlobals) = postSolution
		SolutionGuid = {75A36735-E85F-4914-B7ED-4C63D01B8F83}
	EndGlobalSection
EndGlobal
